// !$*UTF8*$!
{
	archiveVersion = 1;
	classes = {
	};
	objectVersion = 55;
	objects = {

/* Begin PBXBuildFile section */
		D3203022288F080F00F44300 /* AppDelegate.swift in Sources */ = {isa = PBXBuildFile; fileRef = D3203021288F080F00F44300 /* AppDelegate.swift */; };
		D3203024288F080F00F44300 /* SceneDelegate.swift in Sources */ = {isa = PBXBuildFile; fileRef = D3203023288F080F00F44300 /* SceneDelegate.swift */; };
		D3203026288F080F00F44300 /* ViewController.swift in Sources */ = {isa = PBXBuildFile; fileRef = D3203025288F080F00F44300 /* ViewController.swift */; };
		D320302C288F080F00F44300 /* Lern.xcdatamodeld in Sources */ = {isa = PBXBuildFile; fileRef = D320302A288F080F00F44300 /* Lern.xcdatamodeld */; };
		D320302E288F081300F44300 /* Assets.xcassets in Resources */ = {isa = PBXBuildFile; fileRef = D320302D288F081300F44300 /* Assets.xcassets */; };
		D3203031288F081300F44300 /* LaunchScreen.storyboard in Resources */ = {isa = PBXBuildFile; fileRef = D320302F288F081300F44300 /* LaunchScreen.storyboard */; };
		D3203039288F1AFB00F44300 /* OnBoard.storyboard in Resources */ = {isa = PBXBuildFile; fileRef = D3203038288F1AFB00F44300 /* OnBoard.storyboard */; };
		D320303D288FF76900F44300 /* Learn.storyboard in Resources */ = {isa = PBXBuildFile; fileRef = D320303C288FF76900F44300 /* Learn.storyboard */; };
		D320303F288FF7C600F44300 /* Course.storyboard in Resources */ = {isa = PBXBuildFile; fileRef = D320303E288FF7C600F44300 /* Course.storyboard */; };
/* End PBXBuildFile section */

/* Begin PBXFileReference section */
		D320301E288F080F00F44300 /* Lern.app */ = {isa = PBXFileReference; explicitFileType = wrapper.application; includeInIndex = 0; path = Lern.app; sourceTree = BUILT_PRODUCTS_DIR; };
		D3203021288F080F00F44300 /* AppDelegate.swift */ = {isa = PBXFileReference; lastKnownFileType = sourcecode.swift; path = AppDelegate.swift; sourceTree = "<group>"; };
		D3203023288F080F00F44300 /* SceneDelegate.swift */ = {isa = PBXFileReference; lastKnownFileType = sourcecode.swift; path = SceneDelegate.swift; sourceTree = "<group>"; };
		D3203025288F080F00F44300 /* ViewController.swift */ = {isa = PBXFileReference; lastKnownFileType = sourcecode.swift; path = ViewController.swift; sourceTree = "<group>"; };
		D320302B288F080F00F44300 /* Lern.xcdatamodel */ = {isa = PBXFileReference; lastKnownFileType = wrapper.xcdatamodel; path = Lern.xcdatamodel; sourceTree = "<group>"; };
		D320302D288F081300F44300 /* Assets.xcassets */ = {isa = PBXFileReference; lastKnownFileType = folder.assetcatalog; path = Assets.xcassets; sourceTree = "<group>"; };
		D3203030288F081300F44300 /* Base */ = {isa = PBXFileReference; lastKnownFileType = file.storyboard; name = Base; path = Base.lproj/LaunchScreen.storyboard; sourceTree = "<group>"; };
		D3203032288F081300F44300 /* Info.plist */ = {isa = PBXFileReference; lastKnownFileType = text.plist.xml; path = Info.plist; sourceTree = "<group>"; };
		D3203038288F1AFB00F44300 /* OnBoard.storyboard */ = {isa = PBXFileReference; lastKnownFileType = file.storyboard; path = OnBoard.storyboard; sourceTree = "<group>"; };
		D320303C288FF76900F44300 /* Learn.storyboard */ = {isa = PBXFileReference; lastKnownFileType = file.storyboard; path = Learn.storyboard; sourceTree = "<group>"; };
		D320303E288FF7C600F44300 /* Course.storyboard */ = {isa = PBXFileReference; lastKnownFileType = file.storyboard; path = Course.storyboard; sourceTree = "<group>"; };
/* End PBXFileReference section */

/* Begin PBXFrameworksBuildPhase section */
		D320301B288F080F00F44300 /* Frameworks */ = {
			isa = PBXFrameworksBuildPhase;
			buildActionMask = 2147483647;
			files = (
			);
			runOnlyForDeploymentPostprocessing = 0;
		};
/* End PBXFrameworksBuildPhase section */

/* Begin PBXGroup section */
		D3203015288F080F00F44300 = {
			isa = PBXGroup;
			children = (
				D3203020288F080F00F44300 /* Lern */,
				D320301F288F080F00F44300 /* Products */,
			);
			sourceTree = "<group>";
		};
		D320301F288F080F00F44300 /* Products */ = {
			isa = PBXGroup;
			children = (
				D320301E288F080F00F44300 /* Lern.app */,
			);
			name = Products;
			sourceTree = "<group>";
		};
		D3203020288F080F00F44300 /* Lern */ = {
			isa = PBXGroup;
			children = (
				D3203021288F080F00F44300 /* AppDelegate.swift */,
				D3203023288F080F00F44300 /* SceneDelegate.swift */,
				D3203025288F080F00F44300 /* ViewController.swift */,
				D3203038288F1AFB00F44300 /* OnBoard.storyboard */,
				D320302D288F081300F44300 /* Assets.xcassets */,
				D320303C288FF76900F44300 /* Learn.storyboard */,
				D320303E288FF7C600F44300 /* Course.storyboard */,
				D320302F288F081300F44300 /* LaunchScreen.storyboard */,
				D3203032288F081300F44300 /* Info.plist */,
				D320302A288F080F00F44300 /* Lern.xcdatamodeld */,
			);
			path = Lern;
			sourceTree = "<group>";
		};
/* End PBXGroup section */

/* Begin PBXNativeTarget section */
		D320301D288F080F00F44300 /* Lern */ = {
			isa = PBXNativeTarget;
			buildConfigurationList = D3203035288F081300F44300 /* Build configuration list for PBXNativeTarget "Lern" */;
			buildPhases = (
				D320301A288F080F00F44300 /* Sources */,
				D320301B288F080F00F44300 /* Frameworks */,
				D320301C288F080F00F44300 /* Resources */,
			);
			buildRules = (
			);
			dependencies = (
			);
			name = Lern;
			productName = Lern;
			productReference = D320301E288F080F00F44300 /* Lern.app */;
			productType = "com.apple.product-type.application";
		};
/* End PBXNativeTarget section */

/* Begin PBXProject section */
		D3203016288F080F00F44300 /* Project object */ = {
			isa = PBXProject;
			attributes = {
				BuildIndependentTargetsInParallel = 1;
				LastSwiftUpdateCheck = 1340;
				LastUpgradeCheck = 1340;
				TargetAttributes = {
					D320301D288F080F00F44300 = {
						CreatedOnToolsVersion = 13.4.1;
					};
				};
			};
			buildConfigurationList = D3203019288F080F00F44300 /* Build configuration list for PBXProject "Lern" */;
			compatibilityVersion = "Xcode 13.0";
			developmentRegion = en;
			hasScannedForEncodings = 0;
			knownRegions = (
				en,
				Base,
			);
			mainGroup = D3203015288F080F00F44300;
			productRefGroup = D320301F288F080F00F44300 /* Products */;
			projectDirPath = "";
			projectRoot = "";
			targets = (
				D320301D288F080F00F44300 /* Lern */,
			);
		};
/* End PBXProject section */

/* Begin PBXResourcesBuildPhase section */
		D320301C288F080F00F44300 /* Resources */ = {
			isa = PBXResourcesBuildPhase;
			buildActionMask = 2147483647;
			files = (
				D3203031288F081300F44300 /* LaunchScreen.storyboard in Resources */,
				D320303D288FF76900F44300 /* Learn.storyboard in Resources */,
				D320302E288F081300F44300 /* Assets.xcassets in Resources */,
				D320303F288FF7C600F44300 /* Course.storyboard in Resources */,
				D3203039288F1AFB00F44300 /* OnBoard.storyboard in Resources */,
			);
			runOnlyForDeploymentPostprocessing = 0;
		};
/* End PBXResourcesBuildPhase section */

/* Begin PBXSourcesBuildPhase section */
		D320301A288F080F00F44300 /* Sources */ = {
			isa = PBXSourcesBuildPhase;
			buildActionMask = 2147483647;
			files = (
				D3203026288F080F00F44300 /* ViewController.swift in Sources */,
				D3203022288F080F00F44300 /* AppDelegate.swift in Sources */,
				D320302C288F080F00F44300 /* Lern.xcdatamodeld in Sources */,
				D3203024288F080F00F44300 /* SceneDelegate.swift in Sources */,
			);
			runOnlyForDeploymentPostprocessing = 0;
		};
/* End PBXSourcesBuildPhase section */

/* Begin PBXVariantGroup section */
		D320302F288F081300F44300 /* LaunchScreen.storyboard */ = {
			isa = PBXVariantGroup;
			children = (
				D3203030288F081300F44300 /* Base */,
			);
			name = LaunchScreen.storyboard;
			sourceTree = "<group>";
		};
/* End PBXVariantGroup section */

/* Begin XCBuildConfiguration section */
		D3203033288F081300F44300 /* Debug */ = {
			isa = XCBuildConfiguration;
			buildSettings = {
				ALWAYS_SEARCH_USER_PATHS = NO;
				CLANG_ANALYZER_NONNULL = YES;
				CLANG_ANALYZER_NUMBER_OBJECT_CONVERSION = YES_AGGRESSIVE;
				CLANG_CXX_LANGUAGE_STANDARD = "gnu++17";
				CLANG_ENABLE_MODULES = YES;
				CLANG_ENABLE_OBJC_ARC = YES;
				CLANG_ENABLE_OBJC_WEAK = YES;
				CLANG_WARN_BLOCK_CAPTURE_AUTORELEASING = YES;
				CLANG_WARN_BOOL_CONVERSION = YES;
				CLANG_WARN_COMMA = YES;
				CLANG_WARN_CONSTANT_CONVERSION = YES;
				CLANG_WARN_DEPRECATED_OBJC_IMPLEMENTATIONS = YES;
				CLANG_WARN_DIRECT_OBJC_ISA_USAGE = YES_ERROR;
				CLANG_WARN_DOCUMENTATION_COMMENTS = YES;
				CLANG_WARN_EMPTY_BODY = YES;
				CLANG_WARN_ENUM_CONVERSION = YES;
				CLANG_WARN_INFINITE_RECURSION = YES;
				CLANG_WARN_INT_CONVERSION = YES;
				CLANG_WARN_NON_LITERAL_NULL_CONVERSION = YES;
				CLANG_WARN_OBJC_IMPLICIT_RETAIN_SELF = YES;
				CLANG_WARN_OBJC_LITERAL_CONVERSION = YES;
				CLANG_WARN_OBJC_ROOT_CLASS = YES_ERROR;
				CLANG_WARN_QUOTED_INCLUDE_IN_FRAMEWORK_HEADER = YES;
				CLANG_WARN_RANGE_LOOP_ANALYSIS = YES;
				CLANG_WARN_STRICT_PROTOTYPES = YES;
				CLANG_WARN_SUSPICIOUS_MOVE = YES;
				CLANG_WARN_UNGUARDED_AVAILABILITY = YES_AGGRESSIVE;
				CLANG_WARN_UNREACHABLE_CODE = YES;
				CLANG_WARN__DUPLICATE_METHOD_MATCH = YES;
				COPY_PHASE_STRIP = NO;
				DEBUG_INFORMATION_FORMAT = dwarf;
				ENABLE_STRICT_OBJC_MSGSEND = YES;
				ENABLE_TESTABILITY = YES;
				GCC_C_LANGUAGE_STANDARD = gnu11;
				GCC_DYNAMIC_NO_PIC = NO;
				GCC_NO_COMMON_BLOCKS = YES;
				GCC_OPTIMIZATION_LEVEL = 0;
				GCC_PREPROCESSOR_DEFINITIONS = (
					"DEBUG=1",
					"$(inherited)",
				);
				GCC_WARN_64_TO_32_BIT_CONVERSION = YES;
				GCC_WARN_ABOUT_RETURN_TYPE = YES_ERROR;
				GCC_WARN_UNDECLARED_SELECTOR = YES;
				GCC_WARN_UNINITIALIZED_AUTOS = YES_AGGRESSIVE;
				GCC_WARN_UNUSED_FUNCTION = YES;
				GCC_WARN_UNUSED_VARIABLE = YES;
				IPHONEOS_DEPLOYMENT_TARGET = 15.5;
				MTL_ENABLE_DEBUG_INFO = INCLUDE_SOURCE;
				MTL_FAST_MATH = YES;
				ONLY_ACTIVE_ARCH = YES;
				SDKROOT = iphoneos;
				SWIFT_ACTIVE_COMPILATION_CONDITIONS = DEBUG;
				SWIFT_OPTIMIZATION_LEVEL = "-Onone";
			};
			name = Debug;
		};
		D3203034288F081300F44300 /* Release */ = {
			isa = XCBuildConfiguration;
			buildSettings = {
				ALWAYS_SEARCH_USER_PATHS = NO;
				CLANG_ANALYZER_NONNULL = YES;
				CLANG_ANALYZER_NUMBER_OBJECT_CONVERSION = YES_AGGRESSIVE;
				CLANG_CXX_LANGUAGE_STANDARD = "gnu++17";
				CLANG_ENABLE_MODULES = YES;
				CLANG_ENABLE_OBJC_ARC = YES;
				CLANG_ENABLE_OBJC_WEAK = YES;
				CLANG_WARN_BLOCK_CAPTURE_AUTORELEASING = YES;
				CLANG_WARN_BOOL_CONVERSION = YES;
				CLANG_WARN_COMMA = YES;
				CLANG_WARN_CONSTANT_CONVERSION = YES;
				CLANG_WARN_DEPRECATED_OBJC_IMPLEMENTATIONS = YES;
				CLANG_WARN_DIRECT_OBJC_ISA_USAGE = YES_ERROR;
				CLANG_WARN_DOCUMENTATION_COMMENTS = YES;
				CLANG_WARN_EMPTY_BODY = YES;
				CLANG_WARN_ENUM_CONVERSION = YES;
				CLANG_WARN_INFINITE_RECURSION = YES;
				CLANG_WARN_INT_CONVERSION = YES;
				CLANG_WARN_NON_LITERAL_NULL_CONVERSION = YES;
				CLANG_WARN_OBJC_IMPLICIT_RETAIN_SELF = YES;
				CLANG_WARN_OBJC_LITERAL_CONVERSION = YES;
				CLANG_WARN_OBJC_ROOT_CLASS = YES_ERROR;
				CLANG_WARN_QUOTED_INCLUDE_IN_FRAMEWORK_HEADER = YES;
				CLANG_WARN_RANGE_LOOP_ANALYSIS = YES;
				CLANG_WARN_STRICT_PROTOTYPES = YES;
				CLANG_WARN_SUSPICIOUS_MOVE = YES;
				CLANG_WARN_UNGUARDED_AVAILABILITY = YES_AGGRESSIVE;
				CLANG_WARN_UNREACHABLE_CODE = YES;
				CLANG_WARN__DUPLICATE_METHOD_MATCH = YES;
				COPY_PHASE_STRIP = NO;
				DEBUG_INFORMATION_FORMAT = "dwarf-with-dsym";
				ENABLE_NS_ASSERTIONS = NO;
				ENABLE_STRICT_OBJC_MSGSEND = YES;
				GCC_C_LANGUAGE_STANDARD = gnu11;
				GCC_NO_COMMON_BLOCKS = YES;
				GCC_WARN_64_TO_32_BIT_CONVERSION = YES;
				GCC_WARN_ABOUT_RETURN_TYPE = YES_ERROR;
				GCC_WARN_UNDECLARED_SELECTOR = YES;
				GCC_WARN_UNINITIALIZED_AUTOS = YES_AGGRESSIVE;
				GCC_WARN_UNUSED_FUNCTION = YES;
				GCC_WARN_UNUSED_VARIABLE = YES;
				IPHONEOS_DEPLOYMENT_TARGET = 15.5;
				MTL_ENABLE_DEBUG_INFO = NO;
				MTL_FAST_MATH = YES;
				SDKROOT = iphoneos;
				SWIFT_COMPILATION_MODE = wholemodule;
				SWIFT_OPTIMIZATION_LEVEL = "-O";
				VALIDATE_PRODUCT = YES;
			};
			name = Release;
		};
		D3203036288F081300F44300 /* Debug */ = {
			isa = XCBuildConfiguration;
			buildSettings = {
				ASSETCATALOG_COMPILER_APPICON_NAME = AppIcon;
				ASSETCATALOG_COMPILER_GLOBAL_ACCENT_COLOR_NAME = AccentColor;
				CODE_SIGN_STYLE = Automatic;
				CURRENT_PROJECT_VERSION = 1;
				DEVELOPMENT_TEAM = 57324CTP27;
				GENERATE_INFOPLIST_FILE = YES;
				INFOPLIST_FILE = Lern/Info.plist;
				INFOPLIST_KEY_UIApplicationSupportsIndirectInputEvents = YES;
				INFOPLIST_KEY_UILaunchStoryboardName = LaunchScreen;
				INFOPLIST_KEY_UIMainStoryboardFile = OnBoard;
				INFOPLIST_KEY_UISupportedInterfaceOrientations_iPad = "UIInterfaceOrientationPortrait UIInterfaceOrientationPortraitUpsideDown UIInterfaceOrientationLandscapeLeft UIInterfaceOrientationLandscapeRight";
				INFOPLIST_KEY_UISupportedInterfaceOrientations_iPhone = "UIInterfaceOrientationPortrait UIInterfaceOrientationLandscapeLeft UIInterfaceOrientationLandscapeRight";
				LD_RUNPATH_SEARCH_PATHS = (
					"$(inherited)",
					"@executable_path/Frameworks",
				);
				MARKETING_VERSION = 1.0;
				PRODUCT_BUNDLE_IDENTIFIER = com.centsu.Lern;
				PRODUCT_NAME = "$(TARGET_NAME)";
				SWIFT_EMIT_LOC_STRINGS = YES;
				SWIFT_VERSION = 5.0;
				TARGETED_DEVICE_FAMILY = "1,2";
			};
			name = Debug;
		};
		D3203037288F081300F44300 /* Release */ = {
			isa = XCBuildConfiguration;
			buildSettings = {
				ASSETCATALOG_COMPILER_APPICON_NAME = AppIcon;
				ASSETCATALOG_COMPILER_GLOBAL_ACCENT_COLOR_NAME = AccentColor;
				CODE_SIGN_STYLE = Automatic;
				CURRENT_PROJECT_VERSION = 1;
				DEVELOPMENT_TEAM = 57324CTP27;
				GENERATE_INFOPLIST_FILE = YES;
				INFOPLIST_FILE = Lern/Info.plist;
				INFOPLIST_KEY_UIApplicationSupportsIndirectInputEvents = YES;
				INFOPLIST_KEY_UILaunchStoryboardName = LaunchScreen;
				INFOPLIST_KEY_UIMainStoryboardFile = OnBoard;
				INFOPLIST_KEY_UISupportedInterfaceOrientations_iPad = "UIInterfaceOrientationPortrait UIInterfaceOrientationPortraitUpsideDown UIInterfaceOrientationLandscapeLeft UIInterfaceOrientationLandscapeRight";
				INFOPLIST_KEY_UISupportedInterfaceOrientations_iPhone = "UIInterfaceOrientationPortrait UIInterfaceOrientationLandscapeLeft UIInterfaceOrientationLandscapeRight";
				LD_RUNPATH_SEARCH_PATHS = (
					"$(inherited)",
					"@executable_path/Frameworks",
				);
				MARKETING_VERSION = 1.0;
				PRODUCT_BUNDLE_IDENTIFIER = com.centsu.Lern;
				PRODUCT_NAME = "$(TARGET_NAME)";
				SWIFT_EMIT_LOC_STRINGS = YES;
				SWIFT_VERSION = 5.0;
				TARGETED_DEVICE_FAMILY = "1,2";
			};
			name = Release;
		};
/* End XCBuildConfiguration section */

/* Begin XCConfigurationList section */
		D3203019288F080F00F44300 /* Build configuration list for PBXProject "Lern" */ = {
			isa = XCConfigurationList;
			buildConfigurations = (
				D3203033288F081300F44300 /* Debug */,
				D3203034288F081300F44300 /* Release */,
			);
			defaultConfigurationIsVisible = 0;
			defaultConfigurationName = Release;
		};
		D3203035288F081300F44300 /* Build configuration list for PBXNativeTarget "Lern" */ = {
			isa = XCConfigurationList;
			buildConfigurations = (
				D3203036288F081300F44300 /* Debug */,
				D3203037288F081300F44300 /* Release */,
			);
			defaultConfigurationIsVisible = 0;
			defaultConfigurationName = Release;
		};
/* End XCConfigurationList section */

/* Begin XCVersionGroup section */
		D320302A288F080F00F44300 /* Lern.xcdatamodeld */ = {
			isa = XCVersionGroup;
			children = (
				D320302B288F080F00F44300 /* Lern.xcdatamodel */,
			);
			currentVersion = D320302B288F080F00F44300 /* Lern.xcdatamodel */;
			path = Lern.xcdatamodeld;
			sourceTree = "<group>";
			versionGroupType = wrapper.xcdatamodel;
		};
/* End XCVersionGroup section */
	};
	rootObject = D3203016288F080F00F44300 /* Project object */;
}
